
Microsoft Visual Studio Solution File, Format Version 12.00
# Visual Studio Version 17
VisualStudioVersion = 17.6.33829.357
MinimumVisualStudioVersion = 10.0.40219.1
Project("{FAE04EC0-301F-11D3-BF4B-00C04F79EFBC}") = "UoWRepository", "UoWRepository.csproj", "{D672A918-5BCC-4B20-B4CC-D23ADC703DCF}"
EndProject
Global
	GlobalSection(SolutionConfigurationPlatforms) = preSolution
		Debug|Any CPU = Debug|Any CPU
		Release|Any CPU = Release|Any CPU
	EndGlobalSection
	GlobalSection(ProjectConfigurationPlatforms) = postSolution
		{D672A918-5BCC-4B20-B4CC-D23ADC703DCF}.Debug|Any CPU.ActiveCfg = Debug|Any CPU
		{D672A918-5BCC-4B20-B4CC-D23ADC703DCF}.Debug|Any CPU.Build.0 = Debug|Any CPU
		{D672A918-5BCC-4B20-B4CC-D23ADC703DCF}.Release|Any CPU.ActiveCfg = Release|Any CPU
		{D672A918-5BCC-4B20-B4CC-D23ADC703DCF}.Release|Any CPU.Build.0 = Release|Any CPU
	EndGlobalSection
	GlobalSection(SolutionProperties) = preSolution
		HideSolutionNode = FALSE
	EndGlobalSection
	GlobalSection(ExtensibilityGlobals) = postSolution
		SolutionGuid = {CE5CFB22-609A-4E3B-A57F-7370B1F196ED}
	EndGlobalSection
EndGlobal
